{
  "name": "logging-utils",
  "version": "4.0.21",
  "lockfileVersion": 1,
  "requires": true,
  "dependencies": {
    "core-functions": {
      "version": "3.0.21",
      "resolved": "https://registry.npmjs.org/core-functions/-/core-functions-3.0.21.tgz",
      "integrity": "sha512-PmSiKBIhKeL1Tr424FsACl9yDDz3gAvKY6pIYVOmav3BW1SQ8i9z7vh7zLg+qCYSC3Rnf94zF2tRpiiKAx6BVg=="
    }
  }
}
